
Microsoft Visual Studio Solution File, Format Version 12.00
# Visual Studio Version 17
VisualStudioVersion = 17.5.002.0
MinimumVisualStudioVersion = 10.0.40219.1
Project("{9A19103F-16F7-4668-BE54-9A1E7A4F7556}") = "webapi-d", "webapi-d.csproj", "{EA5B2C76-60E8-46AC-82B2-5143BE5D20E0}"
EndProject
Global
	GlobalSection(SolutionConfigurationPlatforms) = preSolution
		Debug|Any CPU = Debug|Any CPU
		Release|Any CPU = Release|Any CPU
	EndGlobalSection
	GlobalSection(ProjectConfigurationPlatforms) = postSolution
		{EA5B2C76-60E8-46AC-82B2-5143BE5D20E0}.Debug|Any CPU.ActiveCfg = Debug|Any CPU
		{EA5B2C76-60E8-46AC-82B2-5143BE5D20E0}.Debug|Any CPU.Build.0 = Debug|Any CPU
		{EA5B2C76-60E8-46AC-82B2-5143BE5D20E0}.Release|Any CPU.ActiveCfg = Release|Any CPU
		{EA5B2C76-60E8-46AC-82B2-5143BE5D20E0}.Release|Any CPU.Build.0 = Release|Any CPU
	EndGlobalSection
	GlobalSection(SolutionProperties) = preSolution
		HideSolutionNode = FALSE
	EndGlobalSection
	GlobalSection(ExtensibilityGlobals) = postSolution
		SolutionGuid = {1D4ECCFD-CDB2-4BBF-8D27-0D502F305A2F}
	EndGlobalSection
EndGlobal
